# This is a Gradle generated file for dependency locking.
# Manual edits can break the build and are not advised.
# This file is expected to be part of source control.
ca.weblite:java-objc-bridge:1.1=compileClasspath,neoFormRuntimeDependenciesCompileClasspath
com.cobblemon:neoforge:1.8.0+1.21.1=compileClasspath,runtimeClasspath,testCompileClasspath,testRuntimeClasspath
com.electronwill.night-config:core:3.8.3=additionalRuntimeClasspath,clientLegacyClasspath,compileClasspath,neoFormRuntimeDependenciesCompileClasspath,neoFormRuntimeDependenciesRuntimeClasspath,runtimeClasspath,serverLegacyClasspath
com.electronwill.night-config:toml:3.8.3=additionalRuntimeClasspath,clientLegacyClasspath,compileClasspath,neoFormRuntimeDependenciesCompileClasspath,neoFormRuntimeDependenciesRuntimeClasspath,runtimeClasspath,serverLegacyClasspath
com.github.oshi:oshi-core:6.4.10=additionalRuntimeClasspath,clientLegacyClasspath,compileClasspath,neoFormRuntimeDependenciesCompileClasspath,neoFormRuntimeDependenciesRuntimeClasspath,runtimeClasspath,serverLegacyClasspath
com.google.code.findbugs:jsr305:3.0.2=additionalRuntimeClasspath,clientLegacyClasspath,compileClasspath,neoFormRuntimeDependenciesCompileClasspath,neoFormRuntimeDependenciesRuntimeClasspath,runtimeClasspath,serverLegacyClasspath
com.google.code.gson:gson:2.10.1=additionalRuntimeClasspath,clientLegacyClasspath,compileClasspath,neoFormRuntimeDependenciesCompileClasspath,neoFormRuntimeDependenciesRuntimeClasspath,neoFormRuntimeExternalTools,runtimeClasspath,serverLegacyClasspath
com.google.errorprone:error_prone_annotations:2.18.0=additionalRuntimeClasspath,clientLegacyClasspath,compileClasspath,neoFormRuntimeDependenciesCompileClasspath,neoFormRuntimeDependenciesRuntimeClasspath,runtimeClasspath,serverLegacyClasspath
com.google.guava:failureaccess:1.0.1=additionalRuntimeClasspath,clientLegacyClasspath,compileClasspath,neoFormRuntimeDependenciesCompileClasspath,neoFormRuntimeDependenciesRuntimeClasspath,runtimeClasspath,serverLegacyClasspath
com.google.guava:guava:32.1.2-jre=additionalRuntimeClasspath,clientLegacyClasspath,compileClasspath,neoFormRuntimeDependenciesCompileClasspath,neoFormRuntimeDependenciesRuntimeClasspath,runtimeClasspath,serverLegacyClasspath
com.google.guava:listenablefuture:9999.0-empty-to-avoid-conflict-with-guava=additionalRuntimeClasspath,clientLegacyClasspath,compileClasspath,neoFormRuntimeDependenciesCompileClasspath,neoFormRuntimeDependenciesRuntimeClasspath,runtimeClasspath,serverLegacyClasspath
com.google.j2objc:j2objc-annotations:2.8=additionalRuntimeClasspath,clientLegacyClasspath,compileClasspath,neoFormRuntimeDependenciesCompileClasspath,neoFormRuntimeDependenciesRuntimeClasspath,runtimeClasspath,serverLegacyClasspath
com.ibm.icu:icu4j:73.2=additionalRuntimeClasspath,clientLegacyClasspath,compileClasspath,neoFormRuntimeDependenciesCompileClasspath,neoFormRuntimeDependenciesRuntimeClasspath,runtimeClasspath
com.lowdragmc.ldlib2:ldlib2-neoforge-1.21.1:2.2.40=compileClasspath,runtimeClasspath,testCompileClasspath,testRuntimeClasspath
com.machinezoo.noexception:noexception:1.7.1=additionalRuntimeClasspath,clientLegacyClasspath,compileClasspath,neoFormRuntimeDependenciesCompileClasspath,neoFormRuntimeDependenciesRuntimeClasspath,runtimeClasspath,serverLegacyClasspath
com.mojang:authlib:6.0.54=additionalRuntimeClasspath,clientLegacyClasspath,compileClasspath,neoFormRuntimeDependenciesCompileClasspath,neoFormRuntimeDependenciesRuntimeClasspath,runtimeClasspath,serverLegacyClasspath
com.mojang:blocklist:1.0.10=additionalRuntimeClasspath,clientLegacyClasspath,compileClasspath,neoFormRuntimeDependenciesCompileClasspath,neoFormRuntimeDependenciesRuntimeClasspath,runtimeClasspath
com.mojang:brigadier:1.3.10=additionalRuntimeClasspath,clientLegacyClasspath,compileClasspath,neoFormRuntimeDependenciesCompileClasspath,neoFormRuntimeDependenciesRuntimeClasspath,runtimeClasspath,serverLegacyClasspath
com.mojang:datafixerupper:8.0.16=additionalRuntimeClasspath,clientLegacyClasspath,compileClasspath,neoFormRuntimeDependenciesCompileClasspath,neoFormRuntimeDependenciesRuntimeClasspath,runtimeClasspath,serverLegacyClasspath
com.mojang:logging:1.2.7=additionalRuntimeClasspath,clientLegacyClasspath,compileClasspath,neoFormRuntimeDependenciesCompileClasspath,neoFormRuntimeDependenciesRuntimeClasspath,runtimeClasspath,serverLegacyClasspath
com.mojang:patchy:2.2.10=additionalRuntimeClasspath,clientLegacyClasspath,compileClasspath,neoFormRuntimeDependenciesCompileClasspath,neoFormRuntimeDependenciesRuntimeClasspath,runtimeClasspath
com.mojang:text2speech:1.17.9=additionalRuntimeClasspath,clientLegacyClasspath,compileClasspath,neoFormRuntimeDependenciesCompileClasspath,neoFormRuntimeDependenciesRuntimeClasspath,runtimeClasspath
com.nothome:javaxdelta:2.0.1=neoFormRuntimeExternalTools
commons-codec:commons-codec:1.16.0=additionalRuntimeClasspath,clientLegacyClasspath,compileClasspath,neoFormRuntimeDependenciesCompileClasspath,neoFormRuntimeDependenciesRuntimeClasspath,runtimeClasspath
commons-io:commons-io:2.15.1=additionalRuntimeClasspath,clientLegacyClasspath,compileClasspath,neoFormRuntimeDependenciesCompileClasspath,neoFormRuntimeDependenciesRuntimeClasspath,runtimeClasspath,serverLegacyClasspath
commons-logging:commons-logging:1.2=additionalRuntimeClasspath,clientLegacyClasspath,compileClasspath,neoFormRuntimeDependenciesCompileClasspath,neoFormRuntimeDependenciesRuntimeClasspath,runtimeClasspath
cpw.mods:bootstraplauncher:2.0.2=additionalRuntimeClasspath,clientLegacyClasspath,clientModulesOnly,compileClasspath,neoFormRuntimeDependenciesCompileClasspath,neoFormRuntimeDependenciesRuntimeClasspath,runtimeClasspath,serverLegacyClasspath,serverModulesOnly
cpw.mods:modlauncher:11.0.5=additionalRuntimeClasspath,clientLegacyClasspath,compileClasspath,neoFormRuntimeDependenciesCompileClasspath,neoFormRuntimeDependenciesRuntimeClasspath,runtimeClasspath,serverLegacyClasspath
cpw.mods:securejarhandler:3.0.8=additionalRuntimeClasspath,clientLegacyClasspath,clientModulesOnly,compileClasspath,neoFormRuntimeDependenciesCompileClasspath,neoFormRuntimeDependenciesRuntimeClasspath,runtimeClasspath,serverLegacyClasspath,serverModulesOnly
curse.maven:t88-663112:5745052=runtimeClasspath,testRuntimeClasspath
de.siegmar:fastcsv:2.0.0=neoFormRuntimeExternalTools
dev.latvian.mods:kubejs-neoforge:2101.7.2-build.377=compileClasspath,runtimeClasspath,testRuntimeClasspath
dev.latvian.mods:rhino:2101.2.7-build.81=compileClasspath,runtimeClasspath,testRuntimeClasspath
io.codechicken:DiffPatch:2.0.0.36=neoFormRuntimeExternalTools
io.github.llamalad7:mixinextras-neoforge:0.5.3=compileClasspath,neoFormRuntimeDependenciesCompileClasspath
io.netty:netty-buffer:4.1.97.Final=additionalRuntimeClasspath,clientLegacyClasspath,compileClasspath,neoFormRuntimeDependenciesCompileClasspath,neoFormRuntimeDependenciesRuntimeClasspath,runtimeClasspath,serverLegacyClasspath
io.netty:netty-codec:4.1.97.Final=additionalRuntimeClasspath,clientLegacyClasspath,compileClasspath,neoFormRuntimeDependenciesCompileClasspath,neoFormRuntimeDependenciesRuntimeClasspath,runtimeClasspath,serverLegacyClasspath
io.netty:netty-common:4.1.97.Final=additionalRuntimeClasspath,clientLegacyClasspath,compileClasspath,neoFormRuntimeDependenciesCompileClasspath,neoFormRuntimeDependenciesRuntimeClasspath,runtimeClasspath,serverLegacyClasspath
io.netty:netty-handler:4.1.97.Final=additionalRuntimeClasspath,clientLegacyClasspath,compileClasspath,neoFormRuntimeDependenciesCompileClasspath,neoFormRuntimeDependenciesRuntimeClasspath,runtimeClasspath,serverLegacyClasspath
io.netty:netty-resolver:4.1.97.Final=additionalRuntimeClasspath,clientLegacyClasspath,compileClasspath,neoFormRuntimeDependenciesCompileClasspath,neoFormRuntimeDependenciesRuntimeClasspath,runtimeClasspath,serverLegacyClasspath
io.netty:netty-transport-classes-epoll:4.1.97.Final=additionalRuntimeClasspath,clientLegacyClasspath,compileClasspath,neoFormRuntimeDependenciesCompileClasspath,neoFormRuntimeDependenciesRuntimeClasspath,runtimeClasspath,serverLegacyClasspath
io.netty:netty-transport-native-epoll:4.1.97.Final=serverLegacyClasspath
io.netty:netty-transport-native-unix-common:4.1.97.Final=additionalRuntimeClasspath,clientLegacyClasspath,compileClasspath,neoFormRuntimeDependenciesCompileClasspath,neoFormRuntimeDependenciesRuntimeClasspath,runtimeClasspath,serverLegacyClasspath
io.netty:netty-transport:4.1.97.Final=additionalRuntimeClasspath,clientLegacyClasspath,compileClasspath,neoFormRuntimeDependenciesCompileClasspath,neoFormRuntimeDependenciesRuntimeClasspath,runtimeClasspath,serverLegacyClasspath
it.unimi.dsi:fastutil:8.3.1=neoFormRuntimeExternalTools
it.unimi.dsi:fastutil:8.5.12=additionalRuntimeClasspath,clientLegacyClasspath,compileClasspath,neoFormRuntimeDependenciesCompileClasspath,neoFormRuntimeDependenciesRuntimeClasspath,runtimeClasspath,serverLegacyClasspath
maven.modrinth:mad-particle:0.8.21=runtimeClasspath,testRuntimeClasspath
net.covers1624:Quack:0.4.10.101=neoFormRuntimeExternalTools
net.fabricmc:sponge-mixin:0.15.2+mixin.0.8.7=additionalRuntimeClasspath,clientLegacyClasspath,compileClasspath,neoFormRuntimeDependenciesCompileClasspath,neoFormRuntimeDependenciesRuntimeClasspath,runtimeClasspath,serverLegacyClasspath
net.java.dev.jna:jna-platform:5.14.0=additionalRuntimeClasspath,clientLegacyClasspath,compileClasspath,neoFormRuntimeDependenciesCompileClasspath,neoFormRuntimeDependenciesRuntimeClasspath,runtimeClasspath,serverLegacyClasspath
net.java.dev.jna:jna:5.14.0=additionalRuntimeClasspath,clientLegacyClasspath,compileClasspath,neoFormRuntimeDependenciesCompileClasspath,neoFormRuntimeDependenciesRuntimeClasspath,runtimeClasspath,serverLegacyClasspath
net.jodah:typetools:0.6.3=additionalRuntimeClasspath,clientLegacyClasspath,compileClasspath,neoFormRuntimeDependenciesCompileClasspath,neoFormRuntimeDependenciesRuntimeClasspath,runtimeClasspath,serverLegacyClasspath
net.minecraftforge:mergetool:1.1.7=neoFormRuntimeExternalTools
net.minecraftforge:srgutils:0.4.15=additionalRuntimeClasspath,clientLegacyClasspath,neoFormRuntimeDependenciesRuntimeClasspath,neoFormRuntimeExternalTools,runtimeClasspath,serverLegacyClasspath
net.minecrell:terminalconsoleappender:1.3.0=additionalRuntimeClasspath,clientLegacyClasspath,compileClasspath,neoFormRuntimeDependenciesCompileClasspath,neoFormRuntimeDependenciesRuntimeClasspath,runtimeClasspath,serverLegacyClasspath
net.neoforged.accesstransformers:at-modlauncher:10.0.1=additionalRuntimeClasspath,clientLegacyClasspath,neoFormRuntimeDependenciesRuntimeClasspath,runtimeClasspath,serverLegacyClasspath
net.neoforged.accesstransformers:at-parser:13.0.1=neoFormRuntimeExternalTools
net.neoforged.fancymodloader:earlydisplay:4.0.44=additionalRuntimeClasspath,clientLegacyClasspath,compileClasspath,neoFormRuntimeDependenciesCompileClasspath,neoFormRuntimeDependenciesRuntimeClasspath,runtimeClasspath,serverLegacyClasspath
net.neoforged.fancymodloader:loader:4.0.44=additionalRuntimeClasspath,clientLegacyClasspath,compileClasspath,neoFormRuntimeDependenciesCompileClasspath,neoFormRuntimeDependenciesRuntimeClasspath,runtimeClasspath,serverLegacyClasspath
net.neoforged.installertools:binarypatcher:4.0.12=neoFormRuntimeExternalTools
net.neoforged.installertools:cli-utils:4.0.12=neoFormRuntimeExternalTools
net.neoforged.installertools:installertools:2.1.2=neoFormRuntimeDependenciesNeoForgeClasses
net.neoforged.installertools:installertools:4.0.12=neoFormRuntimeExternalTools
net.neoforged.javadoctor:gson-io:2.0.17=neoFormRuntimeExternalTools
net.neoforged.javadoctor:spec:2.0.17=neoFormRuntimeExternalTools
net.neoforged.jst:jst-cli-bundle:2.0.10=neoFormRuntimeExternalTools
net.neoforged:AutoRenamingTool:2.0.17=neoFormRuntimeExternalTools
net.neoforged:AutoRenamingTool:2.0.3=neoFormRuntimeDependenciesNeoForgeClasses
net.neoforged:DevLaunch:1.0.2=devLaunchConfig,runtimeClasspath
net.neoforged:JarJarFileSystems:0.4.1=additionalRuntimeClasspath,clientLegacyClasspath,clientModulesOnly,compileClasspath,neoFormRuntimeDependenciesCompileClasspath,neoFormRuntimeDependenciesRuntimeClasspath,runtimeClasspath,serverLegacyClasspath,serverModulesOnly
net.neoforged:JarJarMetadata:0.4.1=additionalRuntimeClasspath,clientLegacyClasspath,compileClasspath,neoFormRuntimeDependenciesCompileClasspath,neoFormRuntimeDependenciesRuntimeClasspath,runtimeClasspath,serverLegacyClasspath
net.neoforged:JarJarSelector:0.4.1=additionalRuntimeClasspath,clientLegacyClasspath,compileClasspath,neoFormRuntimeDependenciesCompileClasspath,neoFormRuntimeDependenciesRuntimeClasspath,runtimeClasspath,serverLegacyClasspath
net.neoforged:accesstransformers:10.0.1=additionalRuntimeClasspath,clientLegacyClasspath,compileClasspath,neoFormRuntimeDependenciesCompileClasspath,neoFormRuntimeDependenciesRuntimeClasspath,runtimeClasspath,serverLegacyClasspath
net.neoforged:accesstransformers:13.0.1=neoFormRuntimeExternalTools
net.neoforged:bus:8.0.5=additionalRuntimeClasspath,clientLegacyClasspath,compileClasspath,neoFormRuntimeDependenciesCompileClasspath,neoFormRuntimeDependenciesRuntimeClasspath,runtimeClasspath,serverLegacyClasspath
net.neoforged:coremods:7.0.3=additionalRuntimeClasspath,clientLegacyClasspath,compileClasspath,neoFormRuntimeDependenciesCompileClasspath,neoFormRuntimeDependenciesRuntimeClasspath,runtimeClasspath,serverLegacyClasspath
net.neoforged:mergetool:2.0.0=additionalRuntimeClasspath,clientLegacyClasspath,neoFormRuntimeDependenciesRuntimeClasspath,runtimeClasspath,serverLegacyClasspath
net.neoforged:mergetool:2.0.3=compileClasspath,neoFormRuntimeDependenciesCompileClasspath,neoFormRuntimeDependenciesNeoForgeClasses
net.neoforged:minecraft-dependencies:1.21.1=additionalRuntimeClasspath,clientLegacyClasspath,compileClasspath,neoFormRuntimeDependenciesCompileClasspath,neoFormRuntimeDependenciesRuntimeClasspath,runtimeClasspath,serverLegacyClasspath
net.neoforged:neoforge:21.1.250=additionalRuntimeClasspath,clientLegacyClasspath,clientModulesOnly,compileClasspath,neoForgeConfigOnly,neoFormRuntimeDependenciesCompileClasspath,neoFormRuntimeDependenciesNeoForgeClasses,neoFormRuntimeDependenciesNeoForgeSources,neoFormRuntimeDependenciesRuntimeClasspath,runtimeClasspath,serverLegacyClasspath,serverModulesOnly
net.neoforged:neoform-runtime:2.0.27=neoFormRuntimeExternalTools,neoFormRuntimeTool
net.neoforged:neoform:1.21.1-20240808.144430=additionalRuntimeClasspath,clientLegacyClasspath,compileClasspath,neoFormRuntimeDependenciesCompileClasspath,neoFormRuntimeDependenciesNeoForgeClasses,neoFormRuntimeDependenciesRuntimeClasspath,runtimeClasspath,serverLegacyClasspath
net.neoforged:srgutils:1.0.0=neoFormRuntimeExternalTools
net.sf.jopt-simple:jopt-simple:5.0.4=additionalRuntimeClasspath,clientLegacyClasspath,compileClasspath,neoFormRuntimeDependenciesCompileClasspath,neoFormRuntimeDependenciesRuntimeClasspath,runtimeClasspath,serverLegacyClasspath
net.sf.jopt-simple:jopt-simple:6.0-alpha-3=neoFormRuntimeExternalTools
org.antlr:antlr4-runtime:4.13.1=additionalRuntimeClasspath,clientLegacyClasspath,compileClasspath,neoFormRuntimeDependenciesCompileClasspath,neoFormRuntimeDependenciesRuntimeClasspath,runtimeClasspath,serverLegacyClasspath
org.apache.commons:commons-compress:1.18=neoFormRuntimeExternalTools
org.apache.commons:commons-compress:1.26.0=additionalRuntimeClasspath,clientLegacyClasspath,compileClasspath,neoFormRuntimeDependenciesCompileClasspath,neoFormRuntimeDependenciesRuntimeClasspath,runtimeClasspath
org.apache.commons:commons-lang3:3.14.0=additionalRuntimeClasspath,clientLegacyClasspath,compileClasspath,neoFormRuntimeDependenciesCompileClasspath,neoFormRuntimeDependenciesRuntimeClasspath,runtimeClasspath,serverLegacyClasspath
org.apache.commons:commons-lang3:3.9=neoFormRuntimeExternalTools
org.apache.httpcomponents:httpclient:4.5.13=additionalRuntimeClasspath,clientLegacyClasspath,compileClasspath,neoFormRuntimeDependenciesCompileClasspath,neoFormRuntimeDependenciesRuntimeClasspath,runtimeClasspath
org.apache.httpcomponents:httpcore:4.4.16=additionalRuntimeClasspath,clientLegacyClasspath,compileClasspath,neoFormRuntimeDependenciesCompileClasspath,neoFormRuntimeDependenciesRuntimeClasspath,runtimeClasspath
org.apache.logging.log4j:log4j-api:2.22.1=additionalRuntimeClasspath,clientLegacyClasspath,compileClasspath,neoFormRuntimeDependenciesCompileClasspath,neoFormRuntimeDependenciesRuntimeClasspath,runtimeClasspath,serverLegacyClasspath
org.apache.logging.log4j:log4j-core:2.22.1=additionalRuntimeClasspath,clientLegacyClasspath,compileClasspath,neoFormRuntimeDependenciesCompileClasspath,neoFormRuntimeDependenciesRuntimeClasspath,runtimeClasspath,serverLegacyClasspath
org.apache.logging.log4j:log4j-slf4j2-impl:2.22.1=additionalRuntimeClasspath,clientLegacyClasspath,compileClasspath,neoFormRuntimeDependenciesCompileClasspath,neoFormRuntimeDependenciesRuntimeClasspath,runtimeClasspath,serverLegacyClasspath
org.apache.maven:maven-artifact:3.8.5=additionalRuntimeClasspath,clientLegacyClasspath,compileClasspath,neoFormRuntimeDependenciesCompileClasspath,neoFormRuntimeDependenciesRuntimeClasspath,runtimeClasspath,serverLegacyClasspath
org.checkerframework:checker-qual:3.33.0=additionalRuntimeClasspath,clientLegacyClasspath,compileClasspath,neoFormRuntimeDependenciesCompileClasspath,neoFormRuntimeDependenciesRuntimeClasspath,runtimeClasspath,serverLegacyClasspath
org.codehaus.plexus:plexus-utils:3.3.0=additionalRuntimeClasspath,clientLegacyClasspath,compileClasspath,neoFormRuntimeDependenciesCompileClasspath,neoFormRuntimeDependenciesRuntimeClasspath,runtimeClasspath,serverLegacyClasspath
org.jcraft:jorbis:0.0.17=additionalRuntimeClasspath,clientLegacyClasspath,compileClasspath,neoFormRuntimeDependenciesCompileClasspath,neoFormRuntimeDependenciesRuntimeClasspath,runtimeClasspath
org.jetbrains.kotlin:kotlin-build-tools-api:2.4.0=kotlinBuildToolsApiClasspath,kotlinCompilerClasspath,kotlinKlibCommonizerClasspath
org.jetbrains.kotlin:kotlin-build-tools-api:2.4.20=kotlinAbiValidationCompatClasspath
org.jetbrains.kotlin:kotlin-build-tools-compat:2.4.0=kotlinAbiValidationCompatClasspath,kotlinBuildToolsApiClasspath,kotlinCompilerClasspath
org.jetbrains.kotlin:kotlin-build-tools-cri-impl:2.4.0=kotlinBuildToolsApiClasspath,kotlinCompilerClasspath
org.jetbrains.kotlin:kotlin-build-tools-cri-impl:2.4.20=kotlinAbiValidationCompatClasspath
org.jetbrains.kotlin:kotlin-build-tools-impl:2.4.0=kotlinBuildToolsApiClasspath,kotlinCompilerClasspath
org.jetbrains.kotlin:kotlin-build-tools-impl:2.4.20=kotlinAbiValidationCompatClasspath
org.jetbrains.kotlin:kotlin-compiler-embeddable:2.4.0=kotlinBuildToolsApiClasspath,kotlinCompilerClasspath,kotlinKlibCommonizerClasspath
org.jetbrains.kotlin:kotlin-compiler-embeddable:2.4.20=kotlinAbiValidationCompatClasspath
org.jetbrains.kotlin:kotlin-compiler-runner:2.4.0=kotlinBuildToolsApiClasspath,kotlinCompilerClasspath
org.jetbrains.kotlin:kotlin-compiler-runner:2.4.20=kotlinAbiValidationCompatClasspath
org.jetbrains.kotlin:kotlin-daemon-client:2.4.0=kotlinBuildToolsApiClasspath,kotlinCompilerClasspath
org.jetbrains.kotlin:kotlin-daemon-client:2.4.20=kotlinAbiValidationCompatClasspath
org.jetbrains.kotlin:kotlin-daemon-embeddable:2.4.0=kotlinBuildToolsApiClasspath,kotlinCompilerClasspath,kotlinKlibCommonizerClasspath
org.jetbrains.kotlin:kotlin-daemon-embeddable:2.4.20=kotlinAbiValidationCompatClasspath
org.jetbrains.kotlin:kotlin-klib-commonizer-embeddable:2.4.0=kotlinKlibCommonizerClasspath
org.jetbrains.kotlin:kotlin-reflect:1.6.10=kotlinAbiValidationCompatClasspath,kotlinBuildToolsApiClasspath,kotlinCompilerClasspath,kotlinKlibCommonizerClasspath
org.jetbrains.kotlin:kotlin-reflect:2.4.0=compileClasspath,runtimeClasspath,testCompileClasspath,testRuntimeClasspath
org.jetbrains.kotlin:kotlin-script-runtime:2.4.0=kotlinBuildToolsApiClasspath,kotlinCompilerClasspath,kotlinCompilerPluginClasspathMain,kotlinCompilerPluginClasspathTest,kotlinKlibCommonizerClasspath
org.jetbrains.kotlin:kotlin-script-runtime:2.4.20=kotlinAbiValidationCompatClasspath
org.jetbrains.kotlin:kotlin-scripting-common:2.4.0=kotlinCompilerPluginClasspathMain,kotlinCompilerPluginClasspathTest
org.jetbrains.kotlin:kotlin-scripting-compiler-embeddable:2.4.0=kotlinCompilerPluginClasspathMain,kotlinCompilerPluginClasspathTest
org.jetbrains.kotlin:kotlin-scripting-compiler-impl-embeddable:2.4.0=kotlinCompilerPluginClasspathMain,kotlinCompilerPluginClasspathTest
org.jetbrains.kotlin:kotlin-scripting-jvm:2.4.0=kotlinCompilerPluginClasspathMain,kotlinCompilerPluginClasspathTest
org.jetbrains.kotlin:kotlin-stdlib-jdk7:2.4.0=compileClasspath,runtimeClasspath,testCompileClasspath,testRuntimeClasspath
org.jetbrains.kotlin:kotlin-stdlib-jdk8:2.4.0=compileClasspath,runtimeClasspath,testCompileClasspath,testRuntimeClasspath
org.jetbrains.kotlin:kotlin-stdlib:2.4.0=compileClasspath,kotlinBuildToolsApiClasspath,kotlinCompilerClasspath,kotlinCompilerPluginClasspathMain,kotlinCompilerPluginClasspathTest,kotlinKlibCommonizerClasspath,runtimeClasspath,testCompileClasspath,testRuntimeClasspath
org.jetbrains.kotlin:kotlin-stdlib:2.4.20=kotlinAbiValidationCompatClasspath
org.jetbrains.kotlin:kotlin-tooling-core:2.4.0=kotlinBuildToolsApiClasspath,kotlinCompilerClasspath
org.jetbrains.kotlin:kotlin-tooling-core:2.4.20=kotlinAbiValidationCompatClasspath
org.jetbrains.kotlinx:kotlinx-coroutines-bom:1.11.0=compileClasspath,runtimeClasspath,testCompileClasspath,testRuntimeClasspath
org.jetbrains.kotlinx:kotlinx-coroutines-core-jvm:1.11.0=compileClasspath,runtimeClasspath,testCompileClasspath,testRuntimeClasspath
org.jetbrains.kotlinx:kotlinx-coroutines-core-jvm:1.8.0=kotlinAbiValidationCompatClasspath,kotlinBuildToolsApiClasspath,kotlinCompilerClasspath,kotlinKlibCommonizerClasspath
org.jetbrains.kotlinx:kotlinx-coroutines-core:1.11.0=compileClasspath,runtimeClasspath,testCompileClasspath,testRuntimeClasspath
org.jetbrains.kotlinx:kotlinx-coroutines-jdk8:1.11.0=compileClasspath,runtimeClasspath,testCompileClasspath,testRuntimeClasspath
org.jetbrains.kotlinx:kotlinx-serialization-bom:1.11.0=compileClasspath,runtimeClasspath,testCompileClasspath,testRuntimeClasspath
org.jetbrains.kotlinx:kotlinx-serialization-core-jvm:1.11.0=compileClasspath,runtimeClasspath,testCompileClasspath,testRuntimeClasspath
org.jetbrains.kotlinx:kotlinx-serialization-core:1.11.0=compileClasspath,runtimeClasspath,testCompileClasspath,testRuntimeClasspath
org.jetbrains.kotlinx:kotlinx-serialization-json-jvm:1.11.0=compileClasspath,runtimeClasspath,testCompileClasspath,testRuntimeClasspath
org.jetbrains:annotations:13.0=kotlinAbiValidationCompatClasspath,kotlinBuildToolsApiClasspath,kotlinCompilerClasspath,kotlinCompilerPluginClasspathMain,kotlinCompilerPluginClasspathTest,kotlinKlibCommonizerClasspath
org.jetbrains:annotations:23.0.0=runtimeClasspath,testCompileClasspath,testRuntimeClasspath
org.jetbrains:annotations:24.1.0=compileClasspath,neoFormRuntimeDependenciesCompileClasspath
org.jline:jline-reader:3.20.0=additionalRuntimeClasspath,clientLegacyClasspath,compileClasspath,neoFormRuntimeDependenciesCompileClasspath,neoFormRuntimeDependenciesRuntimeClasspath,runtimeClasspath,serverLegacyClasspath
org.jline:jline-terminal:3.20.0=additionalRuntimeClasspath,clientLegacyClasspath,compileClasspath,neoFormRuntimeDependenciesCompileClasspath,neoFormRuntimeDependenciesRuntimeClasspath,runtimeClasspath,serverLegacyClasspath
org.joml:joml:1.10.5=additionalRuntimeClasspath,clientLegacyClasspath,compileClasspath,neoFormRuntimeDependenciesCompileClasspath,neoFormRuntimeDependenciesRuntimeClasspath,runtimeClasspath,serverLegacyClasspath
org.lwjgl:lwjgl-freetype:3.3.3=additionalRuntimeClasspath,clientLegacyClasspath,compileClasspath,neoFormRuntimeDependenciesCompileClasspath,neoFormRuntimeDependenciesRuntimeClasspath,runtimeClasspath
org.lwjgl:lwjgl-glfw:3.3.3=additionalRuntimeClasspath,clientLegacyClasspath,compileClasspath,neoFormRuntimeDependenciesCompileClasspath,neoFormRuntimeDependenciesRuntimeClasspath,runtimeClasspath
org.lwjgl:lwjgl-jemalloc:3.3.3=additionalRuntimeClasspath,clientLegacyClasspath,compileClasspath,neoFormRuntimeDependenciesCompileClasspath,neoFormRuntimeDependenciesRuntimeClasspath,runtimeClasspath
org.lwjgl:lwjgl-openal:3.3.3=additionalRuntimeClasspath,clientLegacyClasspath,compileClasspath,neoFormRuntimeDependenciesCompileClasspath,neoFormRuntimeDependenciesRuntimeClasspath,runtimeClasspath
org.lwjgl:lwjgl-opengl:3.3.3=additionalRuntimeClasspath,clientLegacyClasspath,compileClasspath,neoFormRuntimeDependenciesCompileClasspath,neoFormRuntimeDependenciesRuntimeClasspath,runtimeClasspath
org.lwjgl:lwjgl-stb:3.3.3=additionalRuntimeClasspath,clientLegacyClasspath,compileClasspath,neoFormRuntimeDependenciesCompileClasspath,neoFormRuntimeDependenciesRuntimeClasspath,runtimeClasspath
org.lwjgl:lwjgl-tinyfd:3.3.3=additionalRuntimeClasspath,clientLegacyClasspath,compileClasspath,neoFormRuntimeDependenciesCompileClasspath,neoFormRuntimeDependenciesRuntimeClasspath,runtimeClasspath
org.lwjgl:lwjgl:3.3.3=additionalRuntimeClasspath,clientLegacyClasspath,compileClasspath,neoFormRuntimeDependenciesCompileClasspath,neoFormRuntimeDependenciesRuntimeClasspath,runtimeClasspath
org.lz4:lz4-java:1.8.0=additionalRuntimeClasspath,clientLegacyClasspath,compileClasspath,neoFormRuntimeDependenciesCompileClasspath,neoFormRuntimeDependenciesRuntimeClasspath,runtimeClasspath,serverLegacyClasspath
org.openjdk.nashorn:nashorn-core:15.4=additionalRuntimeClasspath,clientLegacyClasspath,compileClasspath,neoFormRuntimeDependenciesCompileClasspath,neoFormRuntimeDependenciesRuntimeClasspath,runtimeClasspath,serverLegacyClasspath
org.ow2.asm:asm-analysis:9.10.1=additionalRuntimeClasspath,clientLegacyClasspath,clientModulesOnly,compileClasspath,neoFormRuntimeDependenciesCompileClasspath,neoFormRuntimeDependenciesRuntimeClasspath,runtimeClasspath,serverLegacyClasspath,serverModulesOnly
org.ow2.asm:asm-analysis:9.5=neoFormRuntimeExternalTools
org.ow2.asm:asm-commons:9.10.1=additionalRuntimeClasspath,clientLegacyClasspath,clientModulesOnly,compileClasspath,neoFormRuntimeDependenciesCompileClasspath,neoFormRuntimeDependenciesRuntimeClasspath,runtimeClasspath,serverLegacyClasspath,serverModulesOnly
org.ow2.asm:asm-commons:9.9.1=neoFormRuntimeExternalTools
org.ow2.asm:asm-tree:9.10.1=additionalRuntimeClasspath,clientLegacyClasspath,clientModulesOnly,compileClasspath,neoFormRuntimeDependenciesCompileClasspath,neoFormRuntimeDependenciesRuntimeClasspath,runtimeClasspath,serverLegacyClasspath,serverModulesOnly
org.ow2.asm:asm-tree:9.9.1=neoFormRuntimeExternalTools
org.ow2.asm:asm-util:9.10.1=additionalRuntimeClasspath,clientLegacyClasspath,clientModulesOnly,compileClasspath,neoFormRuntimeDependenciesCompileClasspath,neoFormRuntimeDependenciesRuntimeClasspath,runtimeClasspath,serverLegacyClasspath,serverModulesOnly
org.ow2.asm:asm-util:9.5=neoFormRuntimeExternalTools
org.ow2.asm:asm:9.10.1=additionalRuntimeClasspath,clientLegacyClasspath,clientModulesOnly,compileClasspath,neoFormRuntimeDependenciesCompileClasspath,neoFormRuntimeDependenciesRuntimeClasspath,runtimeClasspath,serverLegacyClasspath,serverModulesOnly
org.ow2.asm:asm:9.9.1=neoFormRuntimeExternalTools
org.slf4j:slf4j-api:2.0.9=additionalRuntimeClasspath,clientLegacyClasspath,compileClasspath,neoFormRuntimeDependenciesCompileClasspath,neoFormRuntimeDependenciesRuntimeClasspath,runtimeClasspath,serverLegacyClasspath
org.tukaani:xz:1.10=neoFormRuntimeExternalTools
org.vineflower:vineflower:1.10.1=neoFormRuntimeDependenciesNeoForgeClasses
thedarkcolour:kfflang-neoforge:5.12.0=compileClasspath,runtimeClasspath,testCompileClasspath,testRuntimeClasspath
thedarkcolour:kfflib-neoforge:5.12.0=compileClasspath,runtimeClasspath,testCompileClasspath,testRuntimeClasspath
thedarkcolour:kffmod-neoforge:5.12.0=compileClasspath,runtimeClasspath,testCompileClasspath,testRuntimeClasspath
thedarkcolour:kotlinforforge-neoforge:5.12.0=compileClasspath,runtimeClasspath,testCompileClasspath,testRuntimeClasspath
top.theillusivec4.curios:curios-neoforge:9.5.1+1.21.1=runtimeClasspath,testCompileClasspath,testRuntimeClasspath
trove:trove:1.0.2=neoFormRuntimeExternalTools
empty=accessTransformers,annotationProcessor,implementationDependenciesMetadata,interfaceInjectionData,jarJar,kotlinCompilerPluginClasspath,kotlinNativeCompilerPluginClasspath,kotlinScriptDefExtensions,parchmentData,testAnnotationProcessor,testImplementationDependenciesMetadata,testJarJar,testKotlinScriptDefExtensions
